
Microsoft Visual Studio Solution File, Format Version 12.00
# Visual Studio Version 17
VisualStudioVersion = 17.5.002.0
MinimumVisualStudioVersion = 10.0.40219.1
Project("{2150E333-8FDC-42A3-9474-1A3956D46DE8}") = "2016", "2016", "{C3796EBB-E3EA-466E-BAF9-534FAE429E05}"
EndProject
Project("{9A19103F-16F7-4668-BE54-9A1E7A4F7556}") = "Day 01", "2016\d01\01.csproj", "{A0953A0A-7E9F-4407-886E-2896B46D811D}"
EndProject
Project("{9A19103F-16F7-4668-BE54-9A1E7A4F7556}") = "Day 02", "2016\d02\02.csproj", "{4988DB93-C2AF-4B5E-B233-AF653BF2492F}"
EndProject
Project("{9A19103F-16F7-4668-BE54-9A1E7A4F7556}") = "Day 03", "2016\d03\03.csproj", "{048CA0C6-F237-491B-959D-5246559FA5AE}"
EndProject
Project("{9A19103F-16F7-4668-BE54-9A1E7A4F7556}") = "Day 04", "2016\d04\04.csproj", "{903AD341-3025-413E-926D-779712239AE0}"
EndProject
Project("{9A19103F-16F7-4668-BE54-9A1E7A4F7556}") = "Day 05", "2016\d05\05.csproj", "{8E31FD63-4420-486C-92CC-CA4610E60261}"
EndProject
Project("{9A19103F-16F7-4668-BE54-9A1E7A4F7556}") = "Day 06", "2016\d06\06.csproj", "{9EB036E0-6718-4950-8BDF-B144F5A9DBB1}"
EndProject
Project("{9A19103F-16F7-4668-BE54-9A1E7A4F7556}") = "Day 07", "2016\d07\07.csproj", "{AC2C0A92-95B3-43AA-85A6-45BCCCB42D65}"
EndProject
Project("{9A19103F-16F7-4668-BE54-9A1E7A4F7556}") = "Day 08", "2016\d08\08.csproj", "{A35667C0-31C5-4C08-AF9B-F5479D57DB2A}"
EndProject
Project("{9A19103F-16F7-4668-BE54-9A1E7A4F7556}") = "Day 09", "2016\d09\09.csproj", "{19A685B5-D399-436F-8D9E-87633C963FCE}"
EndProject
Project("{9A19103F-16F7-4668-BE54-9A1E7A4F7556}") = "Day 10", "2016\d10\10.csproj", "{0F4D94EA-5A5E-4630-A8F8-2D207925E126}"
EndProject
Project("{9A19103F-16F7-4668-BE54-9A1E7A4F7556}") = "Day 12", "2016\d12\12.csproj", "{7C25F6D9-6958-467C-A4E9-C029DD5B78BA}"
EndProject
Project("{9A19103F-16F7-4668-BE54-9A1E7A4F7556}") = "Day 13", "2016\d13\13.csproj", "{9F53147B-E460-4323-BD79-1087759948E4}"
EndProject
Project("{9A19103F-16F7-4668-BE54-9A1E7A4F7556}") = "Day 14", "2016\d14\14.csproj", "{4A4B1CA2-95DA-4CB0-A380-91C1AC9448E8}"
EndProject
Project("{FAE04EC0-301F-11D3-BF4B-00C04F79EFBC}") = "Util", "2016\Util\Util.csproj", "{14A81BED-4985-41EC-AF47-88315ECFB21B}"
EndProject
Global
	GlobalSection(SolutionConfigurationPlatforms) = preSolution
		Debug|Any CPU = Debug|Any CPU
		Release|Any CPU = Release|Any CPU
	EndGlobalSection
	GlobalSection(ProjectConfigurationPlatforms) = postSolution
		{A0953A0A-7E9F-4407-886E-2896B46D811D}.Debug|Any CPU.ActiveCfg = Debug|Any CPU
		{A0953A0A-7E9F-4407-886E-2896B46D811D}.Debug|Any CPU.Build.0 = Debug|Any CPU
		{A0953A0A-7E9F-4407-886E-2896B46D811D}.Release|Any CPU.ActiveCfg = Release|Any CPU
		{A0953A0A-7E9F-4407-886E-2896B46D811D}.Release|Any CPU.Build.0 = Release|Any CPU
		{4988DB93-C2AF-4B5E-B233-AF653BF2492F}.Debug|Any CPU.ActiveCfg = Debug|Any CPU
		{4988DB93-C2AF-4B5E-B233-AF653BF2492F}.Debug|Any CPU.Build.0 = Debug|Any CPU
		{4988DB93-C2AF-4B5E-B233-AF653BF2492F}.Release|Any CPU.ActiveCfg = Release|Any CPU
		{4988DB93-C2AF-4B5E-B233-AF653BF2492F}.Release|Any CPU.Build.0 = Release|Any CPU
		{048CA0C6-F237-491B-959D-5246559FA5AE}.Debug|Any CPU.ActiveCfg = Debug|Any CPU
		{048CA0C6-F237-491B-959D-5246559FA5AE}.Debug|Any CPU.Build.0 = Debug|Any CPU
		{048CA0C6-F237-491B-959D-5246559FA5AE}.Release|Any CPU.ActiveCfg = Release|Any CPU
		{048CA0C6-F237-491B-959D-5246559FA5AE}.Release|Any CPU.Build.0 = Release|Any CPU
		{903AD341-3025-413E-926D-779712239AE0}.Debug|Any CPU.ActiveCfg = Debug|Any CPU
		{903AD341-3025-413E-926D-779712239AE0}.Debug|Any CPU.Build.0 = Debug|Any CPU
		{903AD341-3025-413E-926D-779712239AE0}.Release|Any CPU.ActiveCfg = Release|Any CPU
		{903AD341-3025-413E-926D-779712239AE0}.Release|Any CPU.Build.0 = Release|Any CPU
		{8E31FD63-4420-486C-92CC-CA4610E60261}.Debug|Any CPU.ActiveCfg = Debug|Any CPU
		{8E31FD63-4420-486C-92CC-CA4610E60261}.Debug|Any CPU.Build.0 = Debug|Any CPU
		{8E31FD63-4420-486C-92CC-CA4610E60261}.Release|Any CPU.ActiveCfg = Release|Any CPU
		{8E31FD63-4420-486C-92CC-CA4610E60261}.Release|Any CPU.Build.0 = Release|Any CPU
		{9EB036E0-6718-4950-8BDF-B144F5A9DBB1}.Debug|Any CPU.ActiveCfg = Debug|Any CPU
		{9EB036E0-6718-4950-8BDF-B144F5A9DBB1}.Debug|Any CPU.Build.0 = Debug|Any CPU
		{9EB036E0-6718-4950-8BDF-B144F5A9DBB1}.Release|Any CPU.ActiveCfg = Release|Any CPU
		{9EB036E0-6718-4950-8BDF-B144F5A9DBB1}.Release|Any CPU.Build.0 = Release|Any CPU
		{AC2C0A92-95B3-43AA-85A6-45BCCCB42D65}.Debug|Any CPU.ActiveCfg = Debug|Any CPU
		{AC2C0A92-95B3-43AA-85A6-45BCCCB42D65}.Debug|Any CPU.Build.0 = Debug|Any CPU
		{AC2C0A92-95B3-43AA-85A6-45BCCCB42D65}.Release|Any CPU.ActiveCfg = Release|Any CPU
		{AC2C0A92-95B3-43AA-85A6-45BCCCB42D65}.Release|Any CPU.Build.0 = Release|Any CPU
		{A35667C0-31C5-4C08-AF9B-F5479D57DB2A}.Debug|Any CPU.ActiveCfg = Debug|Any CPU
		{A35667C0-31C5-4C08-AF9B-F5479D57DB2A}.Debug|Any CPU.Build.0 = Debug|Any CPU
		{A35667C0-31C5-4C08-AF9B-F5479D57DB2A}.Release|Any CPU.ActiveCfg = Release|Any CPU
		{A35667C0-31C5-4C08-AF9B-F5479D57DB2A}.Release|Any CPU.Build.0 = Release|Any CPU
		{19A685B5-D399-436F-8D9E-87633C963FCE}.Debug|Any CPU.ActiveCfg = Debug|Any CPU
		{19A685B5-D399-436F-8D9E-87633C963FCE}.Debug|Any CPU.Build.0 = Debug|Any CPU
		{19A685B5-D399-436F-8D9E-87633C963FCE}.Release|Any CPU.ActiveCfg = Release|Any CPU
		{19A685B5-D399-436F-8D9E-87633C963FCE}.Release|Any CPU.Build.0 = Release|Any CPU
		{0F4D94EA-5A5E-4630-A8F8-2D207925E126}.Debug|Any CPU.ActiveCfg = Debug|Any CPU
		{0F4D94EA-5A5E-4630-A8F8-2D207925E126}.Debug|Any CPU.Build.0 = Debug|Any CPU
		{0F4D94EA-5A5E-4630-A8F8-2D207925E126}.Release|Any CPU.ActiveCfg = Release|Any CPU
		{0F4D94EA-5A5E-4630-A8F8-2D207925E126}.Release|Any CPU.Build.0 = Release|Any CPU
		{7C25F6D9-6958-467C-A4E9-C029DD5B78BA}.Debug|Any CPU.ActiveCfg = Debug|Any CPU
		{7C25F6D9-6958-467C-A4E9-C029DD5B78BA}.Debug|Any CPU.Build.0 = Debug|Any CPU
		{7C25F6D9-6958-467C-A4E9-C029DD5B78BA}.Release|Any CPU.ActiveCfg = Release|Any CPU
		{7C25F6D9-6958-467C-A4E9-C029DD5B78BA}.Release|Any CPU.Build.0 = Release|Any CPU
		{9F53147B-E460-4323-BD79-1087759948E4}.Debug|Any CPU.ActiveCfg = Debug|Any CPU
		{9F53147B-E460-4323-BD79-1087759948E4}.Debug|Any CPU.Build.0 = Debug|Any CPU
		{9F53147B-E460-4323-BD79-1087759948E4}.Release|Any CPU.ActiveCfg = Release|Any CPU
		{9F53147B-E460-4323-BD79-1087759948E4}.Release|Any CPU.Build.0 = Release|Any CPU
		{4A4B1CA2-95DA-4CB0-A380-91C1AC9448E8}.Debug|Any CPU.ActiveCfg = Debug|Any CPU
		{4A4B1CA2-95DA-4CB0-A380-91C1AC9448E8}.Debug|Any CPU.Build.0 = Debug|Any CPU
		{4A4B1CA2-95DA-4CB0-A380-91C1AC9448E8}.Release|Any CPU.ActiveCfg = Release|Any CPU
		{4A4B1CA2-95DA-4CB0-A380-91C1AC9448E8}.Release|Any CPU.Build.0 = Release|Any CPU
		{0AAF7D80-D029-4894-802B-26F621791641}.Debug|Any CPU.ActiveCfg = Debug|Any CPU
		{0AAF7D80-D029-4894-802B-26F621791641}.Debug|Any CPU.Build.0 = Debug|Any CPU
		{0AAF7D80-D029-4894-802B-26F621791641}.Release|Any CPU.ActiveCfg = Release|Any CPU
		{0AAF7D80-D029-4894-802B-26F621791641}.Release|Any CPU.Build.0 = Release|Any CPU
		{14A81BED-4985-41EC-AF47-88315ECFB21B}.Debug|Any CPU.ActiveCfg = Debug|Any CPU
		{14A81BED-4985-41EC-AF47-88315ECFB21B}.Debug|Any CPU.Build.0 = Debug|Any CPU
		{14A81BED-4985-41EC-AF47-88315ECFB21B}.Release|Any CPU.ActiveCfg = Release|Any CPU
		{14A81BED-4985-41EC-AF47-88315ECFB21B}.Release|Any CPU.Build.0 = Release|Any CPU
	EndGlobalSection
	GlobalSection(SolutionProperties) = preSolution
		HideSolutionNode = FALSE
	EndGlobalSection
	GlobalSection(NestedProjects) = preSolution
		{A0953A0A-7E9F-4407-886E-2896B46D811D} = {C3796EBB-E3EA-466E-BAF9-534FAE429E05}
		{4988DB93-C2AF-4B5E-B233-AF653BF2492F} = {C3796EBB-E3EA-466E-BAF9-534FAE429E05}
		{048CA0C6-F237-491B-959D-5246559FA5AE} = {C3796EBB-E3EA-466E-BAF9-534FAE429E05}
		{903AD341-3025-413E-926D-779712239AE0} = {C3796EBB-E3EA-466E-BAF9-534FAE429E05}
		{8E31FD63-4420-486C-92CC-CA4610E60261} = {C3796EBB-E3EA-466E-BAF9-534FAE429E05}
		{9EB036E0-6718-4950-8BDF-B144F5A9DBB1} = {C3796EBB-E3EA-466E-BAF9-534FAE429E05}
		{AC2C0A92-95B3-43AA-85A6-45BCCCB42D65} = {C3796EBB-E3EA-466E-BAF9-534FAE429E05}
		{A35667C0-31C5-4C08-AF9B-F5479D57DB2A} = {C3796EBB-E3EA-466E-BAF9-534FAE429E05}
		{19A685B5-D399-436F-8D9E-87633C963FCE} = {C3796EBB-E3EA-466E-BAF9-534FAE429E05}
		{0F4D94EA-5A5E-4630-A8F8-2D207925E126} = {C3796EBB-E3EA-466E-BAF9-534FAE429E05}
		{7C25F6D9-6958-467C-A4E9-C029DD5B78BA} = {C3796EBB-E3EA-466E-BAF9-534FAE429E05}
		{9F53147B-E460-4323-BD79-1087759948E4} = {C3796EBB-E3EA-466E-BAF9-534FAE429E05}
		{4A4B1CA2-95DA-4CB0-A380-91C1AC9448E8} = {C3796EBB-E3EA-466E-BAF9-534FAE429E05}
		{0AAF7D80-D029-4894-802B-26F621791641} = {C3796EBB-E3EA-466E-BAF9-534FAE429E05}
		{14A81BED-4985-41EC-AF47-88315ECFB21B} = {C3796EBB-E3EA-466E-BAF9-534FAE429E05}
	EndGlobalSection
	GlobalSection(ExtensibilityGlobals) = postSolution
		SolutionGuid = {7BDB6D7E-D7F3-4B6D-84BA-CE087CBBDF8B}
	EndGlobalSection
EndGlobal
